
Microsoft Visual Studio Solution File, Format Version 12.00
# Visual Studio Version 17
VisualStudioVersion = 17.4.33122.133
MinimumVisualStudioVersion = 10.0.40219.1
Project("{FAE04EC0-301F-11D3-BF4B-00C04F79EFBC}") = "Trim", "Trim\Trim.csproj", "{FAB06107-00AE-4023-AEFB-F216DA8C2CAE}"
EndProject
Global
	GlobalSection(SolutionConfigurationPlatforms) = preSolution
		Debug|Any CPU = Debug|Any CPU
		Release|Any CPU = Release|Any CPU
	EndGlobalSection
	GlobalSection(ProjectConfigurationPlatforms) = postSolution
		{FAB06107-00AE-4023-AEFB-F216DA8C2CAE}.Debug|Any CPU.ActiveCfg = Debug|Any CPU
		{FAB06107-00AE-4023-AEFB-F216DA8C2CAE}.Debug|Any CPU.Build.0 = Debug|Any CPU
		{FAB06107-00AE-4023-AEFB-F216DA8C2CAE}.Release|Any CPU.ActiveCfg = Release|Any CPU
		{FAB06107-00AE-4023-AEFB-F216DA8C2CAE}.Release|Any CPU.Build.0 = Release|Any CPU
	EndGlobalSection
	GlobalSection(SolutionProperties) = preSolution
		HideSolutionNode = FALSE
	EndGlobalSection
	GlobalSection(ExtensibilityGlobals) = postSolution
		SolutionGuid = {67C2A9E9-3EF3-42AD-A0CB-C67B94406FE7}
	EndGlobalSection
EndGlobal
